// !$*UTF8*$!
{
	archiveVersion = 1;
	classes = {
	};
	objectVersion = 46;
	objects = {

/* Begin PBXBuildFile section */
		FA026D011CBCA06600D83D34 /* CSKSVGEditorController.m in Sources */ = {isa = PBXBuildFile; fileRef = FA026D001CBCA06600D83D34 /* CSKSVGEditorController.m */; };
		FA0E95DB1BCB279C00CDD8EF /* NSString+Paths.m in Sources */ = {isa = PBXBuildFile; fileRef = FA0E95DA1BCB279C00CDD8EF /* NSString+Paths.m */; };
		FA20626E1BC21C4B003079A1 /* CSKStylesheet.m in Sources */ = {isa = PBXBuildFile; fileRef = FA20626D1BC21C4B003079A1 /* CSKStylesheet.m */; };
		FA2FE3B71BC71BCD0017A90A /* embedded.css in Resources */ = {isa = PBXBuildFile; fileRef = FA2FE3B61BC71BCD0017A90A /* embedded.css */; };
		FA2FE3BB1BC85F6F0017A90A /* CSKLayerCSS.m in Sources */ = {isa = PBXBuildFile; fileRef = FA2FE3BA1BC85F6F0017A90A /* CSKLayerCSS.m */; };
		FA38F4B01BC325D200787508 /* AppKit.framework in Frameworks */ = {isa = PBXBuildFile; fileRef = FA38F4AF1BC325D200787508 /* AppKit.framework */; };
		FA38F4B41BC3272100787508 /* CSKToolbarProxy.m in Sources */ = {isa = PBXBuildFile; fileRef = FA38F4B31BC3272100787508 /* CSKToolbarProxy.m */; };
		FA38F4B71BC33AB900787508 /* icon-layout.png in Resources */ = {isa = PBXBuildFile; fileRef = FA38F4B61BC33AB900787508 /* icon-layout.png */; };
		FA38F4B91BC3A70F00787508 /* icon-layout24.png in Resources */ = {isa = PBXBuildFile; fileRef = FA38F4B81BC3A70F00787508 /* icon-layout24.png */; };
		FA38F4BE1BC3C93F00787508 /* RegExCategories.m in Sources */ = {isa = PBXBuildFile; fileRef = FA38F4BD1BC3C93F00787508 /* RegExCategories.m */; };
		FA4B27BF1C64182500C82A0C /* main.m in Sources */ = {isa = PBXBuildFile; fileRef = FA4B27BE1C64182500C82A0C /* main.m */; };
		FA4B27C31C641EB900C82A0C /* SketchKit.framework in Frameworks */ = {isa = PBXBuildFile; fileRef = FA4B27AD1C63FE3900C82A0C /* SketchKit.framework */; };
		FA4B27E31C6542DF00C82A0C /* AppDelegate.m in Sources */ = {isa = PBXBuildFile; fileRef = FA4B27E21C6542DF00C82A0C /* AppDelegate.m */; };
		FA4B27E61C6542DF00C82A0C /* main.m in Sources */ = {isa = PBXBuildFile; fileRef = FA4B27E51C6542DF00C82A0C /* main.m */; };
		FA4B27E81C6542DF00C82A0C /* Assets.xcassets in Resources */ = {isa = PBXBuildFile; fileRef = FA4B27E71C6542DF00C82A0C /* Assets.xcassets */; };
		FA4B27EB1C6542DF00C82A0C /* MainMenu.xib in Resources */ = {isa = PBXBuildFile; fileRef = FA4B27E91C6542DF00C82A0C /* MainMenu.xib */; };
		FA4B27F51C659DF300C82A0C /* CSKInstallButton.m in Sources */ = {isa = PBXBuildFile; fileRef = FA4B27F41C659DF300C82A0C /* CSKInstallButton.m */; };
		FA56F7E01BC0DDE7005673E0 /* CSKFileMonitor.m in Sources */ = {isa = PBXBuildFile; fileRef = FA56F7DF1BC0DDE7005673E0 /* CSKFileMonitor.m */; };
		FA56F7E31BC0E15E005673E0 /* CSSketch Helper.bundle in CopyFiles */ = {isa = PBXBuildFile; fileRef = FA56F7CF1BC0D6C4005673E0 /* CSSketch Helper.bundle */; };
		FA6F46F41C5EB0A0002EE579 /* libCocoaSass.a in Frameworks */ = {isa = PBXBuildFile; fileRef = FA6F46F31C5EB095002EE579 /* libCocoaSass.a */; };
		FA6F46F71C5EB74F002EE579 /* libc++.tbd in Frameworks */ = {isa = PBXBuildFile; fileRef = FA6F46F61C5EB74F002EE579 /* libc++.tbd */; };
		FA795BCD1C9A8FB20050571B /* NSError+CSSketch.m in Sources */ = {isa = PBXBuildFile; fileRef = FA795BCC1C9A8FB20050571B /* NSError+CSSketch.m */; };
		FA7D76C21BC1A5BA00FCDEF5 /* CSKLess.m in Sources */ = {isa = PBXBuildFile; fileRef = FA7D76C11BC1A5BA00FCDEF5 /* CSKLess.m */; };
		FA7D76D81BC1AB6900FCDEF5 /* CSK_Tests.m in Sources */ = {isa = PBXBuildFile; fileRef = FA7D76D71BC1AB6900FCDEF5 /* CSK_Tests.m */; };
		FA7D76E41BC1ABFD00FCDEF5 /* JavaScriptCore.framework in Frameworks */ = {isa = PBXBuildFile; fileRef = FA7D76E21BC1ABF600FCDEF5 /* JavaScriptCore.framework */; };
		FA7D76E61BC1CAC900FCDEF5 /* WebKit.framework in Frameworks */ = {isa = PBXBuildFile; fileRef = FA7D76E51BC1CAC900FCDEF5 /* WebKit.framework */; };
		FA7D76EB1BC1CBFB00FCDEF5 /* CSSketch Helper in Frameworks */ = {isa = PBXBuildFile; fileRef = FA7D76EA1BC1CBFB00FCDEF5 /* CSSketch Helper */; };
		FA7D76EE1BC1CC1B00FCDEF5 /* CSKDOM.m in Sources */ = {isa = PBXBuildFile; fileRef = FA7D76ED1BC1CC1B00FCDEF5 /* CSKDOM.m */; };
		FA8BA46B1BD1778100AA5808 /* external in Resources */ = {isa = PBXBuildFile; fileRef = FA8BA46A1BD1778100AA5808 /* external */; };
		FACF8FBA1BCC28320062D8F8 /* CSKDocumentController.m in Sources */ = {isa = PBXBuildFile; fileRef = FACF8FB91BCC28320062D8F8 /* CSKDocumentController.m */; };
		FACF8FBE1BCC2DB10062D8F8 /* CSKLayers.m in Sources */ = {isa = PBXBuildFile; fileRef = FACF8FBD1BCC2DB10062D8F8 /* CSKLayers.m */; };
		FADE15451BC2644D002FDE5C /* CSKSketchHeaders.m in Sources */ = {isa = PBXBuildFile; fileRef = FADE15441BC2644D002FDE5C /* CSKSketchHeaders.m */; };
		FADE15481BC26492002FDE5C /* CSKMainController.m in Sources */ = {isa = PBXBuildFile; fileRef = FADE15471BC26492002FDE5C /* CSKMainController.m */; };
		FAE5F81C1CF11E2C004D7D40 /* SketchKit.framework in CopyFiles */ = {isa = PBXBuildFile; fileRef = FA4B27AD1C63FE3900C82A0C /* SketchKit.framework */; settings = {ATTRIBUTES = (CodeSignOnCopy, RemoveHeadersOnCopy, ); }; };
/* End PBXBuildFile section */

/* Begin PBXContainerItemProxy section */
		FA4B27AC1C63FE3900C82A0C /* PBXContainerItemProxy */ = {
			isa = PBXContainerItemProxy;
			containerPortal = FA4B27A61C63FE3800C82A0C /* SketchKit.xcodeproj */;
			proxyType = 2;
			remoteGlobalIDString = FADCE72B1C5FC8C300F746B8;
			remoteInfo = SketchKit;
		};
		FA4B27AE1C63FE3900C82A0C /* PBXContainerItemProxy */ = {
			isa = PBXContainerItemProxy;
			containerPortal = FA4B27A61C63FE3800C82A0C /* SketchKit.xcodeproj */;
			proxyType = 2;
			remoteGlobalIDString = FADCE7481C5FE25000F746B8;
			remoteInfo = "Test Launcher";
		};
		FA4B27B01C63FE3F00C82A0C /* PBXContainerItemProxy */ = {
			isa = PBXContainerItemProxy;
			containerPortal = FA4B27A61C63FE3800C82A0C /* SketchKit.xcodeproj */;
			proxyType = 1;
			remoteGlobalIDString = FADCE72A1C5FC8C200F746B8;
			remoteInfo = SketchKit;
		};
		FA4B27D51C652B4700C82A0C /* PBXContainerItemProxy */ = {
			isa = PBXContainerItemProxy;
			containerPortal = FA56F7C71BC0D6C4005673E0 /* Project object */;
			proxyType = 1;
			remoteGlobalIDString = FA56F7CE1BC0D6C4005673E0;
			remoteInfo = "CSSketch Helper";
		};
		FA4B27F61C65A08100C82A0C /* PBXContainerItemProxy */ = {
			isa = PBXContainerItemProxy;
			containerPortal = FA56F7C71BC0D6C4005673E0 /* Project object */;
			proxyType = 1;
			remoteGlobalIDString = FA56F7CE1BC0D6C4005673E0;
			remoteInfo = "CSSketch Helper";
		};
		FA4B27F91C65A09A00C82A0C /* PBXContainerItemProxy */ = {
			isa = PBXContainerItemProxy;
			containerPortal = FA4B27A61C63FE3800C82A0C /* SketchKit.xcodeproj */;
			proxyType = 1;
			remoteGlobalIDString = FADCE72A1C5FC8C200F746B8;
			remoteInfo = SketchKit;
		};
		FA4B28031C6672F500C82A0C /* PBXContainerItemProxy */ = {
			isa = PBXContainerItemProxy;
			containerPortal = FA6F46EE1C5EB095002EE579 /* CocoaSass.xcodeproj */;
			proxyType = 1;
			remoteGlobalIDString = FA6F46121C5EA968002EE579;
			remoteInfo = CocoaSass;
		};
		FA6F46F21C5EB095002EE579 /* PBXContainerItemProxy */ = {
			isa = PBXContainerItemProxy;
			containerPortal = FA6F46EE1C5EB095002EE579 /* CocoaSass.xcodeproj */;
			proxyType = 2;
			remoteGlobalIDString = FA6F46131C5EA968002EE579;
			remoteInfo = CocoaSass;
		};
/* End PBXContainerItemProxy section */

/* Begin PBXCopyFilesBuildPhase section */
		FA4B27B21C64003700C82A0C /* CopyFiles */ = {
			isa = PBXCopyFilesBuildPhase;
			buildActionMask = 2147483647;
			dstPath = "";
			dstSubfolderSpec = 10;
			files = (
				FAE5F81C1CF11E2C004D7D40 /* SketchKit.framework in CopyFiles */,
			);
			runOnlyForDeploymentPostprocessing = 0;
		};
		FA56F7E21BC0E153005673E0 /* CopyFiles */ = {
			isa = PBXCopyFilesBuildPhase;
			buildActionMask = 2147483647;
			dstPath = "$(PROJECT_DIR)/../CSSketch.sketchplugin";
			dstSubfolderSpec = 0;
			files = (
				FA56F7E31BC0E15E005673E0 /* CSSketch Helper.bundle in CopyFiles */,
			);
			runOnlyForDeploymentPostprocessing = 0;
		};
/* End PBXCopyFilesBuildPhase section */

/* Begin PBXFileReference section */
		FA026CFF1CBCA06600D83D34 /* CSKSVGEditorController.h */ = {isa = PBXFileReference; fileEncoding = 4; lastKnownFileType = sourcecode.c.h; path = CSKSVGEditorController.h; sourceTree = "<group>"; };
		FA026D001CBCA06600D83D34 /* CSKSVGEditorController.m */ = {isa = PBXFileReference; fileEncoding = 4; lastKnownFileType = sourcecode.c.objc; path = CSKSVGEditorController.m; sourceTree = "<group>"; };
		FA0E95D91BCB279C00CDD8EF /* NSString+Paths.h */ = {isa = PBXFileReference; fileEncoding = 4; lastKnownFileType = sourcecode.c.h; path = "NSString+Paths.h"; sourceTree = "<group>"; };
		FA0E95DA1BCB279C00CDD8EF /* NSString+Paths.m */ = {isa = PBXFileReference; fileEncoding = 4; lastKnownFileType = sourcecode.c.objc; path = "NSString+Paths.m"; sourceTree = "<group>"; };
		FA20626C1BC21C4B003079A1 /* CSKStylesheet.h */ = {isa = PBXFileReference; fileEncoding = 4; lastKnownFileType = sourcecode.c.h; path = CSKStylesheet.h; sourceTree = "<group>"; };
		FA20626D1BC21C4B003079A1 /* CSKStylesheet.m */ = {isa = PBXFileReference; fileEncoding = 4; lastKnownFileType = sourcecode.c.objc; path = CSKStylesheet.m; sourceTree = "<group>"; };
		FA2FE3B61BC71BCD0017A90A /* embedded.css */ = {isa = PBXFileReference; fileEncoding = 4; lastKnownFileType = text.css; path = embedded.css; sourceTree = "<group>"; };
		FA2FE3B91BC85F6F0017A90A /* CSKLayerCSS.h */ = {isa = PBXFileReference; fileEncoding = 4; lastKnownFileType = sourcecode.c.h; path = CSKLayerCSS.h; sourceTree = "<group>"; };
		FA2FE3BA1BC85F6F0017A90A /* CSKLayerCSS.m */ = {isa = PBXFileReference; fileEncoding = 4; lastKnownFileType = sourcecode.c.objc; path = CSKLayerCSS.m; sourceTree = "<group>"; };
		FA38F4AF1BC325D200787508 /* AppKit.framework */ = {isa = PBXFileReference; lastKnownFileType = wrapper.framework; name = AppKit.framework; path = System/Library/Frameworks/AppKit.framework; sourceTree = SDKROOT; };
		FA38F4B21BC3272100787508 /* CSKToolbarProxy.h */ = {isa = PBXFileReference; fileEncoding = 4; lastKnownFileType = sourcecode.c.h; path = CSKToolbarProxy.h; sourceTree = "<group>"; };
		FA38F4B31BC3272100787508 /* CSKToolbarProxy.m */ = {isa = PBXFileReference; fileEncoding = 4; lastKnownFileType = sourcecode.c.objc; path = CSKToolbarProxy.m; sourceTree = "<group>"; };
		FA38F4B61BC33AB900787508 /* icon-layout.png */ = {isa = PBXFileReference; lastKnownFileType = image.png; path = "icon-layout.png"; sourceTree = "<group>"; };
		FA38F4B81BC3A70F00787508 /* icon-layout24.png */ = {isa = PBXFileReference; lastKnownFileType = image.png; path = "icon-layout24.png"; sourceTree = "<group>"; };
		FA38F4BC1BC3C93F00787508 /* RegExCategories.h */ = {isa = PBXFileReference; fileEncoding = 4; lastKnownFileType = sourcecode.c.h; path = RegExCategories.h; sourceTree = "<group>"; };
		FA38F4BD1BC3C93F00787508 /* RegExCategories.m */ = {isa = PBXFileReference; fileEncoding = 4; lastKnownFileType = sourcecode.c.objc; path = RegExCategories.m; sourceTree = "<group>"; };
		FA4B27A61C63FE3800C82A0C /* SketchKit.xcodeproj */ = {isa = PBXFileReference; lastKnownFileType = "wrapper.pb-project"; name = SketchKit.xcodeproj; path = ../External/SketchKit/SketchKit.xcodeproj; sourceTree = "<group>"; };
		FA4B27BC1C64182500C82A0C /* CSS Launcher */ = {isa = PBXFileReference; explicitFileType = "compiled.mach-o.executable"; includeInIndex = 0; path = "CSS Launcher"; sourceTree = BUILT_PRODUCTS_DIR; };
		FA4B27BE1C64182500C82A0C /* main.m */ = {isa = PBXFileReference; lastKnownFileType = sourcecode.c.objc; path = main.m; sourceTree = "<group>"; };
		FA4B27DF1C6542DF00C82A0C /* CSSketch Install.app */ = {isa = PBXFileReference; explicitFileType = wrapper.application; includeInIndex = 0; path = "CSSketch Install.app"; sourceTree = BUILT_PRODUCTS_DIR; };
		FA4B27E11C6542DF00C82A0C /* AppDelegate.h */ = {isa = PBXFileReference; lastKnownFileType = sourcecode.c.h; path = AppDelegate.h; sourceTree = "<group>"; };
		FA4B27E21C6542DF00C82A0C /* AppDelegate.m */ = {isa = PBXFileReference; lastKnownFileType = sourcecode.c.objc; path = AppDelegate.m; sourceTree = "<group>"; };
		FA4B27E51C6542DF00C82A0C /* main.m */ = {isa = PBXFileReference; lastKnownFileType = sourcecode.c.objc; path = main.m; sourceTree = "<group>"; };
		FA4B27E71C6542DF00C82A0C /* Assets.xcassets */ = {isa = PBXFileReference; lastKnownFileType = folder.assetcatalog; path = Assets.xcassets; sourceTree = "<group>"; };
		FA4B27EA1C6542DF00C82A0C /* Base */ = {isa = PBXFileReference; lastKnownFileType = file.xib; name = Base; path = Base.lproj/MainMenu.xib; sourceTree = "<group>"; };
		FA4B27EC1C6542DF00C82A0C /* Info.plist */ = {isa = PBXFileReference; lastKnownFileType = text.plist.xml; path = Info.plist; sourceTree = "<group>"; };
		FA4B27F31C659DF300C82A0C /* CSKInstallButton.h */ = {isa = PBXFileReference; fileEncoding = 4; lastKnownFileType = sourcecode.c.h; path = CSKInstallButton.h; sourceTree = "<group>"; };
		FA4B27F41C659DF300C82A0C /* CSKInstallButton.m */ = {isa = PBXFileReference; fileEncoding = 4; lastKnownFileType = sourcecode.c.objc; path = CSKInstallButton.m; sourceTree = "<group>"; };
		FA56F7CF1BC0D6C4005673E0 /* CSSketch Helper.bundle */ = {isa = PBXFileReference; explicitFileType = wrapper.cfbundle; includeInIndex = 0; path = "CSSketch Helper.bundle"; sourceTree = BUILT_PRODUCTS_DIR; };
		FA56F7D21BC0D6C4005673E0 /* Info.plist */ = {isa = PBXFileReference; lastKnownFileType = text.plist.xml; path = Info.plist; sourceTree = "<group>"; };
		FA56F7D81BC0D72F005673E0 /* CSSketch Helper-Bridging-Header.h */ = {isa = PBXFileReference; lastKnownFileType = sourcecode.c.h; path = "CSSketch Helper-Bridging-Header.h"; sourceTree = "<group>"; };
		FA56F7DE1BC0DDE7005673E0 /* CSKFileMonitor.h */ = {isa = PBXFileReference; fileEncoding = 4; lastKnownFileType = sourcecode.c.h; path = CSKFileMonitor.h; sourceTree = "<group>"; };
		FA56F7DF1BC0DDE7005673E0 /* CSKFileMonitor.m */ = {isa = PBXFileReference; fileEncoding = 4; lastKnownFileType = sourcecode.c.objc; path = CSKFileMonitor.m; sourceTree = "<group>"; };
		FA6F46EE1C5EB095002EE579 /* CocoaSass.xcodeproj */ = {isa = PBXFileReference; lastKnownFileType = "wrapper.pb-project"; name = CocoaSass.xcodeproj; path = ../external/CocoaSass/CocoaSass.xcodeproj; sourceTree = "<group>"; };
		FA6F46F51C5EB0B7002EE579 /* CocoaSass.h */ = {isa = PBXFileReference; lastKnownFileType = sourcecode.c.h; name = CocoaSass.h; path = ../external/CocoaSass/CocoaSass/CocoaSass.h; sourceTree = "<group>"; };
		FA6F46F61C5EB74F002EE579 /* libc++.tbd */ = {isa = PBXFileReference; lastKnownFileType = "sourcecode.text-based-dylib-definition"; name = "libc++.tbd"; path = "usr/lib/libc++.tbd"; sourceTree = SDKROOT; };
		FA795BCB1C9A8FB20050571B /* NSError+CSSketch.h */ = {isa = PBXFileReference; fileEncoding = 4; lastKnownFileType = sourcecode.c.h; path = "NSError+CSSketch.h"; sourceTree = "<group>"; };
		FA795BCC1C9A8FB20050571B /* NSError+CSSketch.m */ = {isa = PBXFileReference; fileEncoding = 4; lastKnownFileType = sourcecode.c.objc; path = "NSError+CSSketch.m"; sourceTree = "<group>"; };
		FA7BFD801BCCAD5C000D9AFB /* RS_MSTextLayer.h */ = {isa = PBXFileReference; fileEncoding = 4; lastKnownFileType = sourcecode.c.h; path = RS_MSTextLayer.h; sourceTree = "<group>"; };
		FA7BFD811BCCAD5C000D9AFB /* RS_MSTextLayer.m */ = {isa = PBXFileReference; fileEncoding = 4; lastKnownFileType = sourcecode.c.objc; path = RS_MSTextLayer.m; sourceTree = "<group>"; };
		FA7D76C01BC1A5BA00FCDEF5 /* CSKLess.h */ = {isa = PBXFileReference; fileEncoding = 4; lastKnownFileType = sourcecode.c.h; path = CSKLess.h; sourceTree = "<group>"; };
		FA7D76C11BC1A5BA00FCDEF5 /* CSKLess.m */ = {isa = PBXFileReference; fileEncoding = 4; lastKnownFileType = sourcecode.c.objc; path = CSKLess.m; sourceTree = "<group>"; };
		FA7D76D51BC1AB6900FCDEF5 /* CSK Tests.xctest */ = {isa = PBXFileReference; explicitFileType = wrapper.cfbundle; includeInIndex = 0; path = "CSK Tests.xctest"; sourceTree = BUILT_PRODUCTS_DIR; };
		FA7D76D71BC1AB6900FCDEF5 /* CSK_Tests.m */ = {isa = PBXFileReference; lastKnownFileType = sourcecode.c.objc; path = CSK_Tests.m; sourceTree = "<group>"; };
		FA7D76D91BC1AB6900FCDEF5 /* Info.plist */ = {isa = PBXFileReference; lastKnownFileType = text.plist.xml; path = Info.plist; sourceTree = "<group>"; };
		FA7D76E21BC1ABF600FCDEF5 /* JavaScriptCore.framework */ = {isa = PBXFileReference; lastKnownFileType = wrapper.framework; name = JavaScriptCore.framework; path = System/Library/Frameworks/JavaScriptCore.framework; sourceTree = SDKROOT; };
		FA7D76E51BC1CAC900FCDEF5 /* WebKit.framework */ = {isa = PBXFileReference; lastKnownFileType = wrapper.framework; name = WebKit.framework; path = System/Library/Frameworks/WebKit.framework; sourceTree = SDKROOT; };
		FA7D76EA1BC1CBFB00FCDEF5 /* CSSketch Helper */ = {isa = PBXFileReference; lastKnownFileType = "compiled.mach-o.dylib"; name = "CSSketch Helper"; path = "../../../../../Library/Developer/Xcode/DerivedData/CSSketch_Helper-ekizehgrgjxbnbewqtweicoiegfb/Build/Products/Debug/CSSketch Helper.bundle/Contents/MacOS/CSSketch Helper"; sourceTree = "<group>"; };
		FA7D76EC1BC1CC1B00FCDEF5 /* CSKDOM.h */ = {isa = PBXFileReference; fileEncoding = 4; lastKnownFileType = sourcecode.c.h; path = CSKDOM.h; sourceTree = "<group>"; };
		FA7D76ED1BC1CC1B00FCDEF5 /* CSKDOM.m */ = {isa = PBXFileReference; fileEncoding = 4; lastKnownFileType = sourcecode.c.objc; path = CSKDOM.m; sourceTree = "<group>"; };
		FA8BA46A1BD1778100AA5808 /* external */ = {isa = PBXFileReference; lastKnownFileType = folder; path = external; sourceTree = "<group>"; };
		FACF8FB81BCC28320062D8F8 /* CSKDocumentController.h */ = {isa = PBXFileReference; fileEncoding = 4; lastKnownFileType = sourcecode.c.h; path = CSKDocumentController.h; sourceTree = "<group>"; };
		FACF8FB91BCC28320062D8F8 /* CSKDocumentController.m */ = {isa = PBXFileReference; fileEncoding = 4; lastKnownFileType = sourcecode.c.objc; path = CSKDocumentController.m; sourceTree = "<group>"; };
		FACF8FBC1BCC2DB10062D8F8 /* CSKLayers.h */ = {isa = PBXFileReference; fileEncoding = 4; lastKnownFileType = sourcecode.c.h; path = CSKLayers.h; sourceTree = "<group>"; };
		FACF8FBD1BCC2DB10062D8F8 /* CSKLayers.m */ = {isa = PBXFileReference; fileEncoding = 4; lastKnownFileType = sourcecode.c.objc; path = CSKLayers.m; sourceTree = "<group>"; };
		FADE15431BC2644D002FDE5C /* CSKSketchHeaders.h */ = {isa = PBXFileReference; fileEncoding = 4; lastKnownFileType = sourcecode.c.h; path = CSKSketchHeaders.h; sourceTree = "<group>"; };
		FADE15441BC2644D002FDE5C /* CSKSketchHeaders.m */ = {isa = PBXFileReference; fileEncoding = 4; lastKnownFileType = sourcecode.c.objc; path = CSKSketchHeaders.m; sourceTree = "<group>"; };
		FADE15461BC26492002FDE5C /* CSKMainController.h */ = {isa = PBXFileReference; fileEncoding = 4; lastKnownFileType = sourcecode.c.h; path = CSKMainController.h; sourceTree = "<group>"; };
		FADE15471BC26492002FDE5C /* CSKMainController.m */ = {isa = PBXFileReference; fileEncoding = 4; lastKnownFileType = sourcecode.c.objc; path = CSKMainController.m; sourceTree = "<group>"; };
		FADE15491BC26738002FDE5C /* PrefixHeader.pch */ = {isa = PBXFileReference; lastKnownFileType = sourcecode.c.h; path = PrefixHeader.pch; sourceTree = "<group>"; };
/* End PBXFileReference section */

/* Begin PBXFrameworksBuildPhase section */
		FA4B27B91C64182500C82A0C /* Frameworks */ = {
			isa = PBXFrameworksBuildPhase;
			buildActionMask = 2147483647;
			files = (
			);
			runOnlyForDeploymentPostprocessing = 0;
		};
		FA4B27DC1C6542DF00C82A0C /* Frameworks */ = {
			isa = PBXFrameworksBuildPhase;
			buildActionMask = 2147483647;
			files = (
			);
			runOnlyForDeploymentPostprocessing = 0;
		};
		FA56F7CC1BC0D6C4005673E0 /* Frameworks */ = {
			isa = PBXFrameworksBuildPhase;
			buildActionMask = 2147483647;
			files = (
				FA4B27C31C641EB900C82A0C /* SketchKit.framework in Frameworks */,
				FA6F46F71C5EB74F002EE579 /* libc++.tbd in Frameworks */,
				FA6F46F41C5EB0A0002EE579 /* libCocoaSass.a in Frameworks */,
				FA38F4B01BC325D200787508 /* AppKit.framework in Frameworks */,
				FA7D76E61BC1CAC900FCDEF5 /* WebKit.framework in Frameworks */,
				FA7D76E41BC1ABFD00FCDEF5 /* JavaScriptCore.framework in Frameworks */,
			);
			runOnlyForDeploymentPostprocessing = 0;
		};
		FA7D76D21BC1AB6900FCDEF5 /* Frameworks */ = {
			isa = PBXFrameworksBuildPhase;
			buildActionMask = 2147483647;
			files = (
				FA7D76EB1BC1CBFB00FCDEF5 /* CSSketch Helper in Frameworks */,
			);
			runOnlyForDeploymentPostprocessing = 0;
		};
/* End PBXFrameworksBuildPhase section */

/* Begin PBXGroup section */
		FA0E95D81BCB276E00CDD8EF /* Categories */ = {
			isa = PBXGroup;
			children = (
				FA0E95D91BCB279C00CDD8EF /* NSString+Paths.h */,
				FA0E95DA1BCB279C00CDD8EF /* NSString+Paths.m */,
				FA795BCB1C9A8FB20050571B /* NSError+CSSketch.h */,
				FA795BCC1C9A8FB20050571B /* NSError+CSSketch.m */,
			);
			path = Categories;
			sourceTree = "<group>";
		};
		FA20626B1BC21C08003079A1 /* Controllers */ = {
			isa = PBXGroup;
			children = (
				FA20626C1BC21C4B003079A1 /* CSKStylesheet.h */,
				FA20626D1BC21C4B003079A1 /* CSKStylesheet.m */,
				FADE15461BC26492002FDE5C /* CSKMainController.h */,
				FADE15471BC26492002FDE5C /* CSKMainController.m */,
				FACF8FB81BCC28320062D8F8 /* CSKDocumentController.h */,
				FACF8FB91BCC28320062D8F8 /* CSKDocumentController.m */,
				FA026CFF1CBCA06600D83D34 /* CSKSVGEditorController.h */,
				FA026D001CBCA06600D83D34 /* CSKSVGEditorController.m */,
			);
			path = Controllers;
			sourceTree = "<group>";
		};
		FA2FE3B81BC746810017A90A /* Layout */ = {
			isa = PBXGroup;
			children = (
				FA2FE3B91BC85F6F0017A90A /* CSKLayerCSS.h */,
				FA2FE3BA1BC85F6F0017A90A /* CSKLayerCSS.m */,
			);
			path = Layout;
			sourceTree = "<group>";
		};
		FA38F4B11BC3270600787508 /* Toolbar */ = {
			isa = PBXGroup;
			children = (
				FA38F4B21BC3272100787508 /* CSKToolbarProxy.h */,
				FA38F4B31BC3272100787508 /* CSKToolbarProxy.m */,
			);
			path = Toolbar;
			sourceTree = "<group>";
		};
		FA38F4B51BC33A8500787508 /* Resources */ = {
			isa = PBXGroup;
			children = (
				FA8BA46A1BD1778100AA5808 /* external */,
				FA38F4B81BC3A70F00787508 /* icon-layout24.png */,
				FA38F4B61BC33AB900787508 /* icon-layout.png */,
				FA2FE3B61BC71BCD0017A90A /* embedded.css */,
			);
			name = Resources;
			path = ../Resources;
			sourceTree = "<group>";
		};
		FA38F4BA1BC3C91600787508 /* External */ = {
			isa = PBXGroup;
			children = (
				FA38F4BB1BC3C92D00787508 /* Regex */,
			);
			name = External;
			path = ../External;
			sourceTree = "<group>";
		};
		FA38F4BB1BC3C92D00787508 /* Regex */ = {
			isa = PBXGroup;
			children = (
				FA38F4BC1BC3C93F00787508 /* RegExCategories.h */,
				FA38F4BD1BC3C93F00787508 /* RegExCategories.m */,
			);
			path = Regex;
			sourceTree = "<group>";
		};
		FA4B27A71C63FE3800C82A0C /* Products */ = {
			isa = PBXGroup;
			children = (
				FA4B27AD1C63FE3900C82A0C /* SketchKit.framework */,
				FA4B27AF1C63FE3900C82A0C /* Test Launcher */,
			);
			name = Products;
			sourceTree = "<group>";
		};
		FA4B27BD1C64182500C82A0C /* CSS Launcher */ = {
			isa = PBXGroup;
			children = (
				FA4B27BE1C64182500C82A0C /* main.m */,
			);
			path = "CSS Launcher";
			sourceTree = "<group>";
		};
		FA4B27E01C6542DF00C82A0C /* CSSketch-Installer */ = {
			isa = PBXGroup;
			children = (
				FA4B27E11C6542DF00C82A0C /* AppDelegate.h */,
				FA4B27E21C6542DF00C82A0C /* AppDelegate.m */,
				FA4B27E71C6542DF00C82A0C /* Assets.xcassets */,
				FA4B27E91C6542DF00C82A0C /* MainMenu.xib */,
				FA4B27EC1C6542DF00C82A0C /* Info.plist */,
				FA4B27E41C6542DF00C82A0C /* Supporting Files */,
				FA4B27F31C659DF300C82A0C /* CSKInstallButton.h */,
				FA4B27F41C659DF300C82A0C /* CSKInstallButton.m */,
			);
			path = "CSSketch-Installer";
			sourceTree = "<group>";
		};
		FA4B27E41C6542DF00C82A0C /* Supporting Files */ = {
			isa = PBXGroup;
			children = (
				FA4B27E51C6542DF00C82A0C /* main.m */,
			);
			name = "Supporting Files";
			sourceTree = "<group>";
		};
		FA56F7C61BC0D6C4005673E0 = {
			isa = PBXGroup;
			children = (
				FA6F46ED1C5EB088002EE579 /* External */,
				FA4B27BD1C64182500C82A0C /* CSS Launcher */,
				FA4B27E01C6542DF00C82A0C /* CSSketch-Installer */,
				FA7D76EF1BC1CC2900FCDEF5 /* Frameworks */,
				FA56F7D11BC0D6C4005673E0 /* CSSketch Helper */,
				FA7D76D61BC1AB6900FCDEF5 /* CSK Tests */,
				FA56F7D01BC0D6C4005673E0 /* Products */,
				FA7D76EA1BC1CBFB00FCDEF5 /* CSSketch Helper */,
				FA56F7D81BC0D72F005673E0 /* CSSketch Helper-Bridging-Header.h */,
			);
			sourceTree = "<group>";
		};
		FA56F7D01BC0D6C4005673E0 /* Products */ = {
			isa = PBXGroup;
			children = (
				FA56F7CF1BC0D6C4005673E0 /* CSSketch Helper.bundle */,
				FA7D76D51BC1AB6900FCDEF5 /* CSK Tests.xctest */,
				FA4B27BC1C64182500C82A0C /* CSS Launcher */,
				FA4B27DF1C6542DF00C82A0C /* CSSketch Install.app */,
			);
			name = Products;
			sourceTree = "<group>";
		};
		FA56F7D11BC0D6C4005673E0 /* CSSketch Helper */ = {
			isa = PBXGroup;
			children = (
				FA38F4BA1BC3C91600787508 /* External */,
				FA38F4B51BC33A8500787508 /* Resources */,
				FA56F7DB1BC0D740005673E0 /* src */,
				FA56F7D21BC0D6C4005673E0 /* Info.plist */,
			);
			path = "CSSketch Helper";
			sourceTree = "<group>";
		};
		FA56F7DB1BC0D740005673E0 /* src */ = {
			isa = PBXGroup;
			children = (
				FA7BFD7F1BCCAD3B000D9AFB /* Research */,
				FA0E95D81BCB276E00CDD8EF /* Categories */,
				FADE15421BC26431002FDE5C /* Headers */,
				FA20626B1BC21C08003079A1 /* Controllers */,
				FA56F7DC1BC0D74D005673E0 /* Models */,
			);
			name = src;
			path = ../src;
			sourceTree = "<group>";
		};
		FA56F7DC1BC0D74D005673E0 /* Models */ = {
			isa = PBXGroup;
			children = (
				FACF8FBB1BCC2D910062D8F8 /* Layers */,
				FA2FE3B81BC746810017A90A /* Layout */,
				FA38F4B11BC3270600787508 /* Toolbar */,
				FA7D76E81BC1CAE000FCDEF5 /* DOM */,
				FA7D76BF1BC1A59E00FCDEF5 /* Less */,
				FA56F7DD1BC0D755005673E0 /* Files */,
			);
			path = Models;
			sourceTree = "<group>";
		};
		FA56F7DD1BC0D755005673E0 /* Files */ = {
			isa = PBXGroup;
			children = (
				FA56F7DE1BC0DDE7005673E0 /* CSKFileMonitor.h */,
				FA56F7DF1BC0DDE7005673E0 /* CSKFileMonitor.m */,
			);
			path = Files;
			sourceTree = "<group>";
		};
		FA6F46ED1C5EB088002EE579 /* External */ = {
			isa = PBXGroup;
			children = (
				FA6F46F51C5EB0B7002EE579 /* CocoaSass.h */,
				FA4B27A61C63FE3800C82A0C /* SketchKit.xcodeproj */,
				FA6F46EE1C5EB095002EE579 /* CocoaSass.xcodeproj */,
			);
			name = External;
			sourceTree = "<group>";
		};
		FA6F46EF1C5EB095002EE579 /* Products */ = {
			isa = PBXGroup;
			children = (
				FA6F46F31C5EB095002EE579 /* libCocoaSass.a */,
			);
			name = Products;
			sourceTree = "<group>";
		};
		FA7BFD7F1BCCAD3B000D9AFB /* Research */ = {
			isa = PBXGroup;
			children = (
				FA7BFD801BCCAD5C000D9AFB /* RS_MSTextLayer.h */,
				FA7BFD811BCCAD5C000D9AFB /* RS_MSTextLayer.m */,
			);
			path = Research;
			sourceTree = "<group>";
		};
		FA7D76BF1BC1A59E00FCDEF5 /* Less */ = {
			isa = PBXGroup;
			children = (
				FA7D76C01BC1A5BA00FCDEF5 /* CSKLess.h */,
				FA7D76C11BC1A5BA00FCDEF5 /* CSKLess.m */,
			);
			path = Less;
			sourceTree = "<group>";
		};
		FA7D76D61BC1AB6900FCDEF5 /* CSK Tests */ = {
			isa = PBXGroup;
			children = (
				FA7D76D71BC1AB6900FCDEF5 /* CSK_Tests.m */,
				FA7D76D91BC1AB6900FCDEF5 /* Info.plist */,
			);
			path = "CSK Tests";
			sourceTree = "<group>";
		};
		FA7D76E81BC1CAE000FCDEF5 /* DOM */ = {
			isa = PBXGroup;
			children = (
				FA7D76EC1BC1CC1B00FCDEF5 /* CSKDOM.h */,
				FA7D76ED1BC1CC1B00FCDEF5 /* CSKDOM.m */,
			);
			path = DOM;
			sourceTree = "<group>";
		};
		FA7D76EF1BC1CC2900FCDEF5 /* Frameworks */ = {
			isa = PBXGroup;
			children = (
				FA6F46F61C5EB74F002EE579 /* libc++.tbd */,
				FA38F4AF1BC325D200787508 /* AppKit.framework */,
				FA7D76E51BC1CAC900FCDEF5 /* WebKit.framework */,
				FA7D76E21BC1ABF600FCDEF5 /* JavaScriptCore.framework */,
			);
			name = Frameworks;
			sourceTree = "<group>";
		};
		FACF8FBB1BCC2D910062D8F8 /* Layers */ = {
			isa = PBXGroup;
			children = (
				FACF8FBC1BCC2DB10062D8F8 /* CSKLayers.h */,
				FACF8FBD1BCC2DB10062D8F8 /* CSKLayers.m */,
			);
			path = Layers;
			sourceTree = "<group>";
		};
		FADE15421BC26431002FDE5C /* Headers */ = {
			isa = PBXGroup;
			children = (
				FADE15491BC26738002FDE5C /* PrefixHeader.pch */,
				FADE15431BC2644D002FDE5C /* CSKSketchHeaders.h */,
				FADE15441BC2644D002FDE5C /* CSKSketchHeaders.m */,
			);
			path = Headers;
			sourceTree = "<group>";
		};
/* End PBXGroup section */

/* Begin PBXNativeTarget section */
		FA4B27BB1C64182500C82A0C /* CSS Launcher */ = {
			isa = PBXNativeTarget;
			buildConfigurationList = FA4B27C01C64182500C82A0C /* Build configuration list for PBXNativeTarget "CSS Launcher" */;
			buildPhases = (
				FA4B27B81C64182500C82A0C /* Sources */,
				FA4B27B91C64182500C82A0C /* Frameworks */,
			);
			buildRules = (
			);
			dependencies = (
				FA4B27D61C652B4700C82A0C /* PBXTargetDependency */,
			);
			name = "CSS Launcher";
			productName = "CSS Launcher";
			productReference = FA4B27BC1C64182500C82A0C /* CSS Launcher */;
			productType = "com.apple.product-type.tool";
		};
		FA4B27DE1C6542DF00C82A0C /* CSSketch Install */ = {
			isa = PBXNativeTarget;
			buildConfigurationList = FA4B27ED1C6542DF00C82A0C /* Build configuration list for PBXNativeTarget "CSSketch Install" */;
			buildPhases = (
				FA4B27DB1C6542DF00C82A0C /* Sources */,
				FA4B27DC1C6542DF00C82A0C /* Frameworks */,
				FA4B27DD1C6542DF00C82A0C /* Resources */,
				FA4B28021C65A5AC00C82A0C /* ShellScript */,
			);
			buildRules = (
			);
			dependencies = (
				FA4B27FA1C65A09A00C82A0C /* PBXTargetDependency */,
				FA4B27F71C65A08100C82A0C /* PBXTargetDependency */,
			);
			name = "CSSketch Install";
			productName = "CSSketch-Installer";
			productReference = FA4B27DF1C6542DF00C82A0C /* CSSketch Install.app */;
			productType = "com.apple.product-type.application";
		};
		FA56F7CE1BC0D6C4005673E0 /* CSSketch Helper */ = {
			isa = PBXNativeTarget;
			buildConfigurationList = FA56F7D51BC0D6C4005673E0 /* Build configuration list for PBXNativeTarget "CSSketch Helper" */;
			buildPhases = (
				FA56F7CB1BC0D6C4005673E0 /* Sources */,
				FA56F7CC1BC0D6C4005673E0 /* Frameworks */,
				FA56F7CD1BC0D6C4005673E0 /* Resources */,
				FA4B27B21C64003700C82A0C /* CopyFiles */,
				FA56F7E21BC0E153005673E0 /* CopyFiles */,
			);
			buildRules = (
			);
			dependencies = (
				FA4B28041C6672F500C82A0C /* PBXTargetDependency */,
				FA4B27B11C63FE3F00C82A0C /* PBXTargetDependency */,
			);
			name = "CSSketch Helper";
			productName = "CSSketch Helper";
			productReference = FA56F7CF1BC0D6C4005673E0 /* CSSketch Helper.bundle */;
			productType = "com.apple.product-type.bundle";
		};
		FA7D76D41BC1AB6900FCDEF5 /* CSK Tests */ = {
			isa = PBXNativeTarget;
			buildConfigurationList = FA7D76DD1BC1AB6900FCDEF5 /* Build configuration list for PBXNativeTarget "CSK Tests" */;
			buildPhases = (
				FA7D76D11BC1AB6900FCDEF5 /* Sources */,
				FA7D76D21BC1AB6900FCDEF5 /* Frameworks */,
				FA7D76D31BC1AB6900FCDEF5 /* Resources */,
			);
			buildRules = (
			);
			dependencies = (
			);
			name = "CSK Tests";
			productName = "CSK Tests";
			productReference = FA7D76D51BC1AB6900FCDEF5 /* CSK Tests.xctest */;
			productType = "com.apple.product-type.bundle.unit-test";
		};
/* End PBXNativeTarget section */

/* Begin PBXProject section */
		FA56F7C71BC0D6C4005673E0 /* Project object */ = {
			isa = PBXProject;
			attributes = {
				LastSwiftUpdateCheck = 0700;
				LastUpgradeCheck = 0700;
				ORGANIZATIONNAME = "John Coates";
				TargetAttributes = {
					FA4B27BB1C64182500C82A0C = {
						CreatedOnToolsVersion = 7.2;
					};
					FA4B27DE1C6542DF00C82A0C = {
						CreatedOnToolsVersion = 7.2;
					};
					FA56F7CE1BC0D6C4005673E0 = {
						CreatedOnToolsVersion = 7.0;
					};
					FA7D76D41BC1AB6900FCDEF5 = {
						CreatedOnToolsVersion = 7.0;
					};
				};
			};
			buildConfigurationList = FA56F7CA1BC0D6C4005673E0 /* Build configuration list for PBXProject "CSSketch Helper" */;
			compatibilityVersion = "Xcode 3.2";
			developmentRegion = English;
			hasScannedForEncodings = 0;
			knownRegions = (
				en,
				Base,
			);
			mainGroup = FA56F7C61BC0D6C4005673E0;
			productRefGroup = FA56F7D01BC0D6C4005673E0 /* Products */;
			projectDirPath = "";
			projectReferences = (
				{
					ProductGroup = FA6F46EF1C5EB095002EE579 /* Products */;
					ProjectRef = FA6F46EE1C5EB095002EE579 /* CocoaSass.xcodeproj */;
				},
				{
					ProductGroup = FA4B27A71C63FE3800C82A0C /* Products */;
					ProjectRef = FA4B27A61C63FE3800C82A0C /* SketchKit.xcodeproj */;
				},
			);
			projectRoot = "";
			targets = (
				FA56F7CE1BC0D6C4005673E0 /* CSSketch Helper */,
				FA7D76D41BC1AB6900FCDEF5 /* CSK Tests */,
				FA4B27BB1C64182500C82A0C /* CSS Launcher */,
				FA4B27DE1C6542DF00C82A0C /* CSSketch Install */,
			);
		};
/* End PBXProject section */

/* Begin PBXReferenceProxy section */
		FA4B27AD1C63FE3900C82A0C /* SketchKit.framework */ = {
			isa = PBXReferenceProxy;
			fileType = wrapper.framework;
			path = SketchKit.framework;
			remoteRef = FA4B27AC1C63FE3900C82A0C /* PBXContainerItemProxy */;
			sourceTree = BUILT_PRODUCTS_DIR;
		};
		FA4B27AF1C63FE3900C82A0C /* Test Launcher */ = {
			isa = PBXReferenceProxy;
			fileType = "compiled.mach-o.executable";
			path = "Test Launcher";
			remoteRef = FA4B27AE1C63FE3900C82A0C /* PBXContainerItemProxy */;
			sourceTree = BUILT_PRODUCTS_DIR;
		};
		FA6F46F31C5EB095002EE579 /* libCocoaSass.a */ = {
			isa = PBXReferenceProxy;
			fileType = archive.ar;
			path = libCocoaSass.a;
			remoteRef = FA6F46F21C5EB095002EE579 /* PBXContainerItemProxy */;
			sourceTree = BUILT_PRODUCTS_DIR;
		};
/* End PBXReferenceProxy section */

/* Begin PBXResourcesBuildPhase section */
		FA4B27DD1C6542DF00C82A0C /* Resources */ = {
			isa = PBXResourcesBuildPhase;
			buildActionMask = 2147483647;
			files = (
				FA4B27E81C6542DF00C82A0C /* Assets.xcassets in Resources */,
				FA4B27EB1C6542DF00C82A0C /* MainMenu.xib in Resources */,
			);
			runOnlyForDeploymentPostprocessing = 0;
		};
		FA56F7CD1BC0D6C4005673E0 /* Resources */ = {
			isa = PBXResourcesBuildPhase;
			buildActionMask = 2147483647;
			files = (
				FA38F4B91BC3A70F00787508 /* icon-layout24.png in Resources */,
				FA38F4B71BC33AB900787508 /* icon-layout.png in Resources */,
				FA2FE3B71BC71BCD0017A90A /* embedded.css in Resources */,
				FA8BA46B1BD1778100AA5808 /* external in Resources */,
			);
			runOnlyForDeploymentPostprocessing = 0;
		};
		FA7D76D31BC1AB6900FCDEF5 /* Resources */ = {
			isa = PBXResourcesBuildPhase;
			buildActionMask = 2147483647;
			files = (
			);
			runOnlyForDeploymentPostprocessing = 0;
		};
/* End PBXResourcesBuildPhase section */

/* Begin PBXShellScriptBuildPhase section */
		FA4B28021C65A5AC00C82A0C /* ShellScript */ = {
			isa = PBXShellScriptBuildPhase;
			buildActionMask = 2147483647;
			files = (
			);
			inputPaths = (
			);
			outputPaths = (
			);
			runOnlyForDeploymentPostprocessing = 0;
			shellPath = /bin/sh;
			shellScript = "#rm -R \"${PROJECT_DIR}/SketchKit.sketchplugin/${WRAPPER_NAME}\"\n#cp -R \"${BUILT_PRODUCTS_DIR}/${WRAPPER_NAME}\" \"${PROJECT_DIR}/SketchKit.sketchplugin/\"\ncp -R  \"${PROJECT_DIR}/../External/SketchKit/SketchKit.sketchplugin\" \"${BUILT_PRODUCTS_DIR}/${WRAPPER_NAME}/Contents/Resources/\"\ncp -R  \"${PROJECT_DIR}/../CSSketch.sketchplugin\" \"${BUILT_PRODUCTS_DIR}/${WRAPPER_NAME}/Contents/Resources/\"";
		};
/* End PBXShellScriptBuildPhase section */

/* Begin PBXSourcesBuildPhase section */
		FA4B27B81C64182500C82A0C /* Sources */ = {
			isa = PBXSourcesBuildPhase;
			buildActionMask = 2147483647;
			files = (
				FA4B27BF1C64182500C82A0C /* main.m in Sources */,
			);
			runOnlyForDeploymentPostprocessing = 0;
		};
		FA4B27DB1C6542DF00C82A0C /* Sources */ = {
			isa = PBXSourcesBuildPhase;
			buildActionMask = 2147483647;
			files = (
				FA4B27E61C6542DF00C82A0C /* main.m in Sources */,
				FA4B27F51C659DF300C82A0C /* CSKInstallButton.m in Sources */,
				FA4B27E31C6542DF00C82A0C /* AppDelegate.m in Sources */,
			);
			runOnlyForDeploymentPostprocessing = 0;
		};
		FA56F7CB1BC0D6C4005673E0 /* Sources */ = {
			isa = PBXSourcesBuildPhase;
			buildActionMask = 2147483647;
			files = (
				FA7D76C21BC1A5BA00FCDEF5 /* CSKLess.m in Sources */,
				FA20626E1BC21C4B003079A1 /* CSKStylesheet.m in Sources */,
				FA7D76EE1BC1CC1B00FCDEF5 /* CSKDOM.m in Sources */,
				FADE15451BC2644D002FDE5C /* CSKSketchHeaders.m in Sources */,
				FA2FE3BB1BC85F6F0017A90A /* CSKLayerCSS.m in Sources */,
				FADE15481BC26492002FDE5C /* CSKMainController.m in Sources */,
				FACF8FBA1BCC28320062D8F8 /* CSKDocumentController.m in Sources */,
				FACF8FBE1BCC2DB10062D8F8 /* CSKLayers.m in Sources */,
				FA38F4BE1BC3C93F00787508 /* RegExCategories.m in Sources */,
				FA026D011CBCA06600D83D34 /* CSKSVGEditorController.m in Sources */,
				FA795BCD1C9A8FB20050571B /* NSError+CSSketch.m in Sources */,
				FA56F7E01BC0DDE7005673E0 /* CSKFileMonitor.m in Sources */,
				FA0E95DB1BCB279C00CDD8EF /* NSString+Paths.m in Sources */,
				FA38F4B41BC3272100787508 /* CSKToolbarProxy.m in Sources */,
			);
			runOnlyForDeploymentPostprocessing = 0;
		};
		FA7D76D11BC1AB6900FCDEF5 /* Sources */ = {
			isa = PBXSourcesBuildPhase;
			buildActionMask = 2147483647;
			files = (
				FA7D76D81BC1AB6900FCDEF5 /* CSK_Tests.m in Sources */,
			);
			runOnlyForDeploymentPostprocessing = 0;
		};
/* End PBXSourcesBuildPhase section */

/* Begin PBXTargetDependency section */
		FA4B27B11C63FE3F00C82A0C /* PBXTargetDependency */ = {
			isa = PBXTargetDependency;
			name = SketchKit;
			targetProxy = FA4B27B01C63FE3F00C82A0C /* PBXContainerItemProxy */;
		};
		FA4B27D61C652B4700C82A0C /* PBXTargetDependency */ = {
			isa = PBXTargetDependency;
			target = FA56F7CE1BC0D6C4005673E0 /* CSSketch Helper */;
			targetProxy = FA4B27D51C652B4700C82A0C /* PBXContainerItemProxy */;
		};
		FA4B27F71C65A08100C82A0C /* PBXTargetDependency */ = {
			isa = PBXTargetDependency;
			target = FA56F7CE1BC0D6C4005673E0 /* CSSketch Helper */;
			targetProxy = FA4B27F61C65A08100C82A0C /* PBXContainerItemProxy */;
		};
		FA4B27FA1C65A09A00C82A0C /* PBXTargetDependency */ = {
			isa = PBXTargetDependency;
			name = SketchKit;
			targetProxy = FA4B27F91C65A09A00C82A0C /* PBXContainerItemProxy */;
		};
		FA4B28041C6672F500C82A0C /* PBXTargetDependency */ = {
			isa = PBXTargetDependency;
			name = CocoaSass;
			targetProxy = FA4B28031C6672F500C82A0C /* PBXContainerItemProxy */;
		};
/* End PBXTargetDependency section */

/* Begin PBXVariantGroup section */
		FA4B27E91C6542DF00C82A0C /* MainMenu.xib */ = {
			isa = PBXVariantGroup;
			children = (
				FA4B27EA1C6542DF00C82A0C /* Base */,
			);
			name = MainMenu.xib;
			sourceTree = "<group>";
		};
/* End PBXVariantGroup section */

/* Begin XCBuildConfiguration section */
		FA4B27C11C64182500C82A0C /* Debug */ = {
			isa = XCBuildConfiguration;
			buildSettings = {
				CODE_SIGN_IDENTITY = "-";
				PRODUCT_NAME = "$(TARGET_NAME)";
			};
			name = Debug;
		};
		FA4B27C21C64182500C82A0C /* Release */ = {
			isa = XCBuildConfiguration;
			buildSettings = {
				CODE_SIGN_IDENTITY = "-";
				PRODUCT_NAME = "$(TARGET_NAME)";
			};
			name = Release;
		};
		FA4B27EE1C6542DF00C82A0C /* Debug */ = {
			isa = XCBuildConfiguration;
			buildSettings = {
				ASSETCATALOG_COMPILER_APPICON_NAME = AppIcon;
				COMBINE_HIDPI_IMAGES = YES;
				INFOPLIST_FILE = "CSSketch-Installer/Info.plist";
				LD_RUNPATH_SEARCH_PATHS = "$(inherited) @executable_path/../Frameworks";
				PRODUCT_BUNDLE_IDENTIFIER = "com.johncoates.CSSketch-Installer";
				PRODUCT_NAME = "$(TARGET_NAME)";
			};
			name = Debug;
		};
		FA4B27EF1C6542DF00C82A0C /* Release */ = {
			isa = XCBuildConfiguration;
			buildSettings = {
				ASSETCATALOG_COMPILER_APPICON_NAME = AppIcon;
				COMBINE_HIDPI_IMAGES = YES;
				INFOPLIST_FILE = "CSSketch-Installer/Info.plist";
				LD_RUNPATH_SEARCH_PATHS = "$(inherited) @executable_path/../Frameworks";
				PRODUCT_BUNDLE_IDENTIFIER = "com.johncoates.CSSketch-Installer";
				PRODUCT_NAME = "$(TARGET_NAME)";
			};
			name = Release;
		};
		FA56F7D31BC0D6C4005673E0 /* Debug */ = {
			isa = XCBuildConfiguration;
			buildSettings = {
				ALWAYS_SEARCH_USER_PATHS = NO;
				CLANG_CXX_LANGUAGE_STANDARD = "gnu++0x";
				CLANG_CXX_LIBRARY = "libc++";
				CLANG_ENABLE_MODULES = YES;
				CLANG_ENABLE_OBJC_ARC = YES;
				CLANG_WARN_BOOL_CONVERSION = YES;
				CLANG_WARN_CONSTANT_CONVERSION = YES;
				CLANG_WARN_DIRECT_OBJC_ISA_USAGE = YES_ERROR;
				CLANG_WARN_EMPTY_BODY = YES;
				CLANG_WARN_ENUM_CONVERSION = YES;
				CLANG_WARN_INT_CONVERSION = YES;
				CLANG_WARN_OBJC_ROOT_CLASS = YES_ERROR;
				CLANG_WARN_UNREACHABLE_CODE = YES;
				CLANG_WARN__DUPLICATE_METHOD_MATCH = YES;
				COPY_PHASE_STRIP = NO;
				DEBUG_INFORMATION_FORMAT = dwarf;
				ENABLE_STRICT_OBJC_MSGSEND = YES;
				ENABLE_TESTABILITY = YES;
				GCC_C_LANGUAGE_STANDARD = gnu99;
				GCC_DYNAMIC_NO_PIC = NO;
				GCC_NO_COMMON_BLOCKS = YES;
				GCC_OPTIMIZATION_LEVEL = 0;
				GCC_PREFIX_HEADER = src/Headers/PrefixHeader.pch;
				GCC_PREPROCESSOR_DEFINITIONS = (
					"DEBUG=1",
					"$(inherited)",
				);
				GCC_WARN_64_TO_32_BIT_CONVERSION = YES;
				GCC_WARN_ABOUT_RETURN_TYPE = YES_ERROR;
				GCC_WARN_UNDECLARED_SELECTOR = YES;
				GCC_WARN_UNINITIALIZED_AUTOS = YES_AGGRESSIVE;
				GCC_WARN_UNUSED_FUNCTION = YES;
				GCC_WARN_UNUSED_VARIABLE = YES;
				MACOSX_DEPLOYMENT_TARGET = 10.11;
				MTL_ENABLE_DEBUG_INFO = YES;
				ONLY_ACTIVE_ARCH = YES;
				SDKROOT = macosx;
				SKIP_INSTALL = YES;
			};
			name = Debug;
		};
		FA56F7D41BC0D6C4005673E0 /* Release */ = {
			isa = XCBuildConfiguration;
			buildSettings = {
				ALWAYS_SEARCH_USER_PATHS = NO;
				CLANG_CXX_LANGUAGE_STANDARD = "gnu++0x";
				CLANG_CXX_LIBRARY = "libc++";
				CLANG_ENABLE_MODULES = YES;
				CLANG_ENABLE_OBJC_ARC = YES;
				CLANG_WARN_BOOL_CONVERSION = YES;
				CLANG_WARN_CONSTANT_CONVERSION = YES;
				CLANG_WARN_DIRECT_OBJC_ISA_USAGE = YES_ERROR;
				CLANG_WARN_EMPTY_BODY = YES;
				CLANG_WARN_ENUM_CONVERSION = YES;
				CLANG_WARN_INT_CONVERSION = YES;
				CLANG_WARN_OBJC_ROOT_CLASS = YES_ERROR;
				CLANG_WARN_UNREACHABLE_CODE = YES;
				CLANG_WARN__DUPLICATE_METHOD_MATCH = YES;
				COPY_PHASE_STRIP = NO;
				DEBUG_INFORMATION_FORMAT = "dwarf-with-dsym";
				ENABLE_NS_ASSERTIONS = NO;
				ENABLE_STRICT_OBJC_MSGSEND = YES;
				GCC_C_LANGUAGE_STANDARD = gnu99;
				GCC_NO_COMMON_BLOCKS = YES;
				GCC_PREFIX_HEADER = src/Headers/PrefixHeader.pch;
				GCC_WARN_64_TO_32_BIT_CONVERSION = YES;
				GCC_WARN_ABOUT_RETURN_TYPE = YES_ERROR;
				GCC_WARN_UNDECLARED_SELECTOR = YES;
				GCC_WARN_UNINITIALIZED_AUTOS = YES_AGGRESSIVE;
				GCC_WARN_UNUSED_FUNCTION = YES;
				GCC_WARN_UNUSED_VARIABLE = YES;
				MACOSX_DEPLOYMENT_TARGET = 10.11;
				MTL_ENABLE_DEBUG_INFO = NO;
				SDKROOT = macosx;
				SKIP_INSTALL = YES;
			};
			name = Release;
		};
		FA56F7D61BC0D6C4005673E0 /* Debug */ = {
			isa = XCBuildConfiguration;
			buildSettings = {
				CLANG_ENABLE_MODULES = YES;
				COMBINE_HIDPI_IMAGES = YES;
				FRAMEWORK_SEARCH_PATHS = ../External;
				INFOPLIST_FILE = "CSSketch Helper/Info.plist";
				LD_RUNPATH_SEARCH_PATHS = "$(inherited) @executable_path/../Frameworks @loader_path/../Frameworks";
				MACH_O_TYPE = mh_dylib;
				PRODUCT_BUNDLE_IDENTIFIER = "com.johncoates.CSSketch-Helper";
				PRODUCT_NAME = "$(TARGET_NAME)";
				SKIP_INSTALL = NO;
				SWIFT_OBJC_BRIDGING_HEADER = "CSSketch Helper-Bridging-Header.h";
				SWIFT_OPTIMIZATION_LEVEL = "-Onone";
				WRAPPER_EXTENSION = bundle;
			};
			name = Debug;
		};
		FA56F7D71BC0D6C4005673E0 /* Release */ = {
			isa = XCBuildConfiguration;
			buildSettings = {
				CLANG_ENABLE_MODULES = YES;
				COMBINE_HIDPI_IMAGES = YES;
				FRAMEWORK_SEARCH_PATHS = ../External;
				INFOPLIST_FILE = "CSSketch Helper/Info.plist";
				LD_RUNPATH_SEARCH_PATHS = "$(inherited) @executable_path/../Frameworks @loader_path/../Frameworks";
				MACH_O_TYPE = mh_dylib;
				PRODUCT_BUNDLE_IDENTIFIER = "com.johncoates.CSSketch-Helper";
				PRODUCT_NAME = "$(TARGET_NAME)";
				SKIP_INSTALL = NO;
				SWIFT_OBJC_BRIDGING_HEADER = "CSSketch Helper-Bridging-Header.h";
				WRAPPER_EXTENSION = bundle;
			};
			name = Release;
		};
		FA7D76DE1BC1AB6900FCDEF5 /* Debug */ = {
			isa = XCBuildConfiguration;
			buildSettings = {
				COMBINE_HIDPI_IMAGES = YES;
				INFOPLIST_FILE = "CSK Tests/Info.plist";
				LD_RUNPATH_SEARCH_PATHS = "$(inherited) @executable_path/../Frameworks @loader_path/../Frameworks";
				PRODUCT_BUNDLE_IDENTIFIER = "com.johncoates.CSK-Tests";
				PRODUCT_NAME = "$(TARGET_NAME)";
			};
			name = Debug;
		};
		FA7D76DF1BC1AB6900FCDEF5 /* Release */ = {
			isa = XCBuildConfiguration;
			buildSettings = {
				COMBINE_HIDPI_IMAGES = YES;
				INFOPLIST_FILE = "CSK Tests/Info.plist";
				LD_RUNPATH_SEARCH_PATHS = "$(inherited) @executable_path/../Frameworks @loader_path/../Frameworks";
				PRODUCT_BUNDLE_IDENTIFIER = "com.johncoates.CSK-Tests";
				PRODUCT_NAME = "$(TARGET_NAME)";
			};
			name = Release;
		};
/* End XCBuildConfiguration section */

/* Begin XCConfigurationList section */
		FA4B27C01C64182500C82A0C /* Build configuration list for PBXNativeTarget "CSS Launcher" */ = {
			isa = XCConfigurationList;
			buildConfigurations = (
				FA4B27C11C64182500C82A0C /* Debug */,
				FA4B27C21C64182500C82A0C /* Release */,
			);
			defaultConfigurationIsVisible = 0;
			defaultConfigurationName = Release;
		};
		FA4B27ED1C6542DF00C82A0C /* Build configuration list for PBXNativeTarget "CSSketch Install" */ = {
			isa = XCConfigurationList;
			buildConfigurations = (
				FA4B27EE1C6542DF00C82A0C /* Debug */,
				FA4B27EF1C6542DF00C82A0C /* Release */,
			);
			defaultConfigurationIsVisible = 0;
			defaultConfigurationName = Release;
		};
		FA56F7CA1BC0D6C4005673E0 /* Build configuration list for PBXProject "CSSketch Helper" */ = {
			isa = XCConfigurationList;
			buildConfigurations = (
				FA56F7D31BC0D6C4005673E0 /* Debug */,
				FA56F7D41BC0D6C4005673E0 /* Release */,
			);
			defaultConfigurationIsVisible = 0;
			defaultConfigurationName = Release;
		};
		FA56F7D51BC0D6C4005673E0 /* Build configuration list for PBXNativeTarget "CSSketch Helper" */ = {
			isa = XCConfigurationList;
			buildConfigurations = (
				FA56F7D61BC0D6C4005673E0 /* Debug */,
				FA56F7D71BC0D6C4005673E0 /* Release */,
			);
			defaultConfigurationIsVisible = 0;
			defaultConfigurationName = Release;
		};
		FA7D76DD1BC1AB6900FCDEF5 /* Build configuration list for PBXNativeTarget "CSK Tests" */ = {
			isa = XCConfigurationList;
			buildConfigurations = (
				FA7D76DE1BC1AB6900FCDEF5 /* Debug */,
				FA7D76DF1BC1AB6900FCDEF5 /* Release */,
			);
			defaultConfigurationIsVisible = 0;
			defaultConfigurationName = Release;
		};
/* End XCConfigurationList section */
	};
	rootObject = FA56F7C71BC0D6C4005673E0 /* Project object */;
}
